
Microsoft Visual Studio Solution File, Format Version 12.00
# Visual Studio Version 16
VisualStudioVersion = 16.0.30907.101
MinimumVisualStudioVersion = 10.0.40219.1
Project("{FAE04EC0-301F-11D3-BF4B-00C04F79EFBC}") = "AuthorPropertyMock", "AuthorPropertyTest\AuthorPropertyMock.csproj", "{2D315284-5833-4B14-89E1-0A244DDB5746}"
EndProject
Project("{FAE04EC0-301F-11D3-BF4B-00C04F79EFBC}") = "AuthorTest", "AuthorTest\AuthorTest.csproj", "{307FAE27-CA54-4047-9BE9-FECC7199CE30}"
EndProject
Global
	GlobalSection(SolutionConfigurationPlatforms) = preSolution
		Debug|Any CPU = Debug|Any CPU
		Release|Any CPU = Release|Any CPU
	EndGlobalSection
	GlobalSection(ProjectConfigurationPlatforms) = postSolution
		{2D315284-5833-4B14-89E1-0A244DDB5746}.Debug|Any CPU.ActiveCfg = Debug|Any CPU
		{2D315284-5833-4B14-89E1-0A244DDB5746}.Debug|Any CPU.Build.0 = Debug|Any CPU
		{2D315284-5833-4B14-89E1-0A244DDB5746}.Release|Any CPU.ActiveCfg = Release|Any CPU
		{2D315284-5833-4B14-89E1-0A244DDB5746}.Release|Any CPU.Build.0 = Release|Any CPU
		{307FAE27-CA54-4047-9BE9-FECC7199CE30}.Debug|Any CPU.ActiveCfg = Debug|Any CPU
		{307FAE27-CA54-4047-9BE9-FECC7199CE30}.Debug|Any CPU.Build.0 = Debug|Any CPU
		{307FAE27-CA54-4047-9BE9-FECC7199CE30}.Release|Any CPU.ActiveCfg = Release|Any CPU
		{307FAE27-CA54-4047-9BE9-FECC7199CE30}.Release|Any CPU.Build.0 = Release|Any CPU
	EndGlobalSection
	GlobalSection(SolutionProperties) = preSolution
		HideSolutionNode = FALSE
	EndGlobalSection
	GlobalSection(ExtensibilityGlobals) = postSolution
		SolutionGuid = {456114B1-2E28-4F54-B964-5DE662AB0E10}
	EndGlobalSection
EndGlobal
