
Microsoft Visual Studio Solution File, Format Version 12.00
# Visual Studio Version 16
VisualStudioVersion = 16.0.30907.101
MinimumVisualStudioVersion = 10.0.40219.1
Project("{FAE04EC0-301F-11D3-BF4B-00C04F79EFBC}") = "Bootstrap Layout", "Bootstrap Layout\Bootstrap Layout.csproj", "{BD30DE48-4DCB-4997-9E4A-A04EEFF8F0B5}"
EndProject
Global
	GlobalSection(SolutionConfigurationPlatforms) = preSolution
		Debug|Any CPU = Debug|Any CPU
		Release|Any CPU = Release|Any CPU
	EndGlobalSection
	GlobalSection(ProjectConfigurationPlatforms) = postSolution
		{BD30DE48-4DCB-4997-9E4A-A04EEFF8F0B5}.Debug|Any CPU.ActiveCfg = Debug|Any CPU
		{BD30DE48-4DCB-4997-9E4A-A04EEFF8F0B5}.Debug|Any CPU.Build.0 = Debug|Any CPU
		{BD30DE48-4DCB-4997-9E4A-A04EEFF8F0B5}.Release|Any CPU.ActiveCfg = Release|Any CPU
		{BD30DE48-4DCB-4997-9E4A-A04EEFF8F0B5}.Release|Any CPU.Build.0 = Release|Any CPU
	EndGlobalSection
	GlobalSection(SolutionProperties) = preSolution
		HideSolutionNode = FALSE
	EndGlobalSection
	GlobalSection(ExtensibilityGlobals) = postSolution
		SolutionGuid = {C9AD0EEB-35BA-4E5C-A907-CDAB64CD6045}
	EndGlobalSection
EndGlobal
